
Microsoft Visual Studio Solution File, Format Version 12.00
# Visual Studio 15
VisualStudioVersion = 15.0.27703.2042
MinimumVisualStudioVersion = 10.0.40219.1
Project("{FAE04EC0-301F-11D3-BF4B-00C04F79EFBC}") = "VnotifieR.TwitchChat", "VnotifieR.TwitchChat\VnotifieR.TwitchChat.csproj", "{FA75EC82-F3D8-4BFA-B9C3-0706B9FB0925}"
EndProject
Global
	GlobalSection(SolutionConfigurationPlatforms) = preSolution
		Debug|Any CPU = Debug|Any CPU
		Release|Any CPU = Release|Any CPU
	EndGlobalSection
	GlobalSection(ProjectConfigurationPlatforms) = postSolution
		{FA75EC82-F3D8-4BFA-B9C3-0706B9FB0925}.Debug|Any CPU.ActiveCfg = Debug|Any CPU
		{FA75EC82-F3D8-4BFA-B9C3-0706B9FB0925}.Debug|Any CPU.Build.0 = Debug|Any CPU
		{FA75EC82-F3D8-4BFA-B9C3-0706B9FB0925}.Release|Any CPU.ActiveCfg = Release|Any CPU
		{FA75EC82-F3D8-4BFA-B9C3-0706B9FB0925}.Release|Any CPU.Build.0 = Release|Any CPU
	EndGlobalSection
	GlobalSection(SolutionProperties) = preSolution
		HideSolutionNode = FALSE
	EndGlobalSection
	GlobalSection(ExtensibilityGlobals) = postSolution
		SolutionGuid = {84223B8F-93CF-49F6-AF2F-E38A4062D97A}
	EndGlobalSection
EndGlobal
